{
  "pins" : [
    {
      "identity" : "directionaluserlocationannotationview",
      "kind" : "remoteSourceControl",
      "location" : "https://github.com/yujinakayama/DirectionalUserLocationAnnotationView.git",
      "state" : {
        "revision" : "96fe454b67205652c39e13236e387834c0c161d6",
        "version" : "1.0.0"
      }
    },
    {
      "identity" : "punycodeswift",
      "kind" : "remoteSourceControl",
      "location" : "https://github.com/gumob/PunycodeSwift.git",
      "state" : {
        "branch" : "master",
        "revision" : "4356ec54e073741449640d3d50a1fd24fd1e1b8b"
      }
    },
    {
      "identity" : "swiftcbor",
      "kind" : "remoteSourceControl",
      "location" : "https://github.com/unrelentingtech/SwiftCBOR",
      "state" : {
        "branch" : "master",
        "revision" : "980cf7b0883947678a27620ea0d90cca1a15488e"
      }
    },
    {
      "identity" : "tldextractswift",
      "kind" : "remoteSourceControl",
      "location" : "https://github.com/gumob/TLDExtractSwift",
      "state" : {
        "branch" : "master",
        "revision" : "8c051b60df00a3fd5c568bab657534857eb4287f"
      }
    }
  ],
  "version" : 2
}
