PODS:
  - abseil/algorithm (0.20200225.0):
    - abseil/algorithm/algorithm (= 0.20200225.0)
    - abseil/algorithm/container (= 0.20200225.0)
  - abseil/algorithm/algorithm (0.20200225.0):
    - abseil/base/config
  - abseil/algorithm/container (0.20200225.0):
    - abseil/algorithm/algorithm
    - abseil/base/core_headers
    - abseil/meta/type_traits
  - abseil/base (0.20200225.0):
    - abseil/base/atomic_hook (= 0.20200225.0)
    - abseil/base/base (= 0.20200225.0)
    - abseil/base/base_internal (= 0.20200225.0)
    - abseil/base/bits (= 0.20200225.0)
    - abseil/base/config (= 0.20200225.0)
    - abseil/base/core_headers (= 0.20200225.0)
    - abseil/base/dynamic_annotations (= 0.20200225.0)
    - abseil/base/endian (= 0.20200225.0)
    - abseil/base/errno_saver (= 0.20200225.0)
    - abseil/base/exponential_biased (= 0.20200225.0)
    - abseil/base/log_severity (= 0.20200225.0)
    - abseil/base/malloc_internal (= 0.20200225.0)
    - abseil/base/periodic_sampler (= 0.20200225.0)
    - abseil/base/pretty_function (= 0.20200225.0)
    - abseil/base/raw_logging_internal (= 0.20200225.0)
    - abseil/base/spinlock_wait (= 0.20200225.0)
    - abseil/base/throw_delegate (= 0.20200225.0)
  - abseil/base/atomic_hook (0.20200225.0):
    - abseil/base/config
    - abseil/base/core_headers
  - abseil/base/base (0.20200225.0):
    - abseil/base/atomic_hook
    - abseil/base/base_internal
    - abseil/base/config
    - abseil/base/core_headers
    - abseil/base/dynamic_annotations
    - abseil/base/log_severity
    - abseil/base/raw_logging_internal
    - abseil/base/spinlock_wait
    - abseil/meta/type_traits
  - abseil/base/base_internal (0.20200225.0):
    - abseil/base/config
    - abseil/meta/type_traits
  - abseil/base/bits (0.20200225.0):
    - abseil/base/config
    - abseil/base/core_headers
  - abseil/base/config (0.20200225.0)
  - abseil/base/core_headers (0.20200225.0):
    - abseil/base/config
  - abseil/base/dynamic_annotations (0.20200225.0)
  - abseil/base/endian (0.20200225.0):
    - abseil/base/config
    - abseil/base/core_headers
  - abseil/base/errno_saver (0.20200225.0):
    - abseil/base/config
  - abseil/base/exponential_biased (0.20200225.0):
    - abseil/base/config
    - abseil/base/core_headers
  - abseil/base/log_severity (0.20200225.0):
    - abseil/base/config
    - abseil/base/core_headers
  - abseil/base/malloc_internal (0.20200225.0):
    - abseil/base/base
    - abseil/base/base_internal
    - abseil/base/config
    - abseil/base/core_headers
    - abseil/base/dynamic_annotations
    - abseil/base/raw_logging_internal
  - abseil/base/periodic_sampler (0.20200225.0):
    - abseil/base/core_headers
    - abseil/base/exponential_biased
  - abseil/base/pretty_function (0.20200225.0)
  - abseil/base/raw_logging_internal (0.20200225.0):
    - abseil/base/atomic_hook
    - abseil/base/config
    - abseil/base/core_headers
    - abseil/base/log_severity
  - abseil/base/spinlock_wait (0.20200225.0):
    - abseil/base/base_internal
    - abseil/base/core_headers
    - abseil/base/errno_saver
  - abseil/base/throw_delegate (0.20200225.0):
    - abseil/base/config
    - abseil/base/raw_logging_internal
  - abseil/container/common (0.20200225.0):
    - abseil/meta/type_traits
    - abseil/types/optional
  - abseil/container/compressed_tuple (0.20200225.0):
    - abseil/utility/utility
  - abseil/container/container_memory (0.20200225.0):
    - abseil/memory/memory
    - abseil/utility/utility
  - abseil/container/fixed_array (0.20200225.0):
    - abseil/algorithm/algorithm
    - abseil/base/core_headers
    - abseil/base/dynamic_annotations
    - abseil/base/throw_delegate
    - abseil/container/compressed_tuple
    - abseil/memory/memory
  - abseil/container/flat_hash_map (0.20200225.0):
    - abseil/algorithm/container
    - abseil/container/container_memory
    - abseil/container/hash_function_defaults
    - abseil/container/raw_hash_map
    - abseil/memory/memory
  - abseil/container/hash_function_defaults (0.20200225.0):
    - abseil/base/config
    - abseil/hash/hash
    - abseil/strings/strings
  - abseil/container/hash_policy_traits (0.20200225.0):
    - abseil/meta/type_traits
  - abseil/container/hashtable_debug_hooks (0.20200225.0):
    - abseil/base/config
  - abseil/container/hashtablez_sampler (0.20200225.0):
    - abseil/base/base
    - abseil/base/core_headers
    - abseil/base/exponential_biased
    - abseil/container/have_sse
    - abseil/debugging/stacktrace
    - abseil/memory/memory
    - abseil/synchronization/synchronization
    - abseil/utility/utility
  - abseil/container/have_sse (0.20200225.0)
  - abseil/container/inlined_vector (0.20200225.0):
    - abseil/algorithm/algorithm
    - abseil/base/core_headers
    - abseil/base/throw_delegate
    - abseil/container/inlined_vector_internal
    - abseil/memory/memory
  - abseil/container/inlined_vector_internal (0.20200225.0):
    - abseil/base/core_headers
    - abseil/container/compressed_tuple
    - abseil/memory/memory
    - abseil/meta/type_traits
    - abseil/types/span
  - abseil/container/layout (0.20200225.0):
    - abseil/base/core_headers
    - abseil/meta/type_traits
    - abseil/strings/strings
    - abseil/types/span
    - abseil/utility/utility
  - abseil/container/raw_hash_map (0.20200225.0):
    - abseil/base/throw_delegate
    - abseil/container/container_memory
    - abseil/container/raw_hash_set
  - abseil/container/raw_hash_set (0.20200225.0):
    - abseil/base/bits
    - abseil/base/config
    - abseil/base/core_headers
    - abseil/base/endian
    - abseil/container/common
    - abseil/container/compressed_tuple
    - abseil/container/container_memory
    - abseil/container/hash_policy_traits
    - abseil/container/hashtable_debug_hooks
    - abseil/container/hashtablez_sampler
    - abseil/container/have_sse
    - abseil/container/layout
    - abseil/memory/memory
    - abseil/meta/type_traits
    - abseil/utility/utility
  - abseil/debugging/debugging_internal (0.20200225.0):
    - abseil/base/config
    - abseil/base/core_headers
    - abseil/base/dynamic_annotations
    - abseil/base/errno_saver
    - abseil/base/raw_logging_internal
  - abseil/debugging/demangle_internal (0.20200225.0):
    - abseil/base/base
    - abseil/base/config
    - abseil/base/core_headers
  - abseil/debugging/stacktrace (0.20200225.0):
    - abseil/base/config
    - abseil/base/core_headers
    - abseil/debugging/debugging_internal
  - abseil/debugging/symbolize (0.20200225.0):
    - abseil/base/base
    - abseil/base/config
    - abseil/base/core_headers
    - abseil/base/dynamic_annotations
    - abseil/base/malloc_internal
    - abseil/base/raw_logging_internal
    - abseil/debugging/debugging_internal
    - abseil/debugging/demangle_internal
  - abseil/hash/city (0.20200225.0):
    - abseil/base/config
    - abseil/base/core_headers
    - abseil/base/endian
  - abseil/hash/hash (0.20200225.0):
    - abseil/base/core_headers
    - abseil/base/endian
    - abseil/container/fixed_array
    - abseil/hash/city
    - abseil/meta/type_traits
    - abseil/numeric/int128
    - abseil/strings/strings
    - abseil/types/optional
    - abseil/types/variant
    - abseil/utility/utility
  - abseil/memory (0.20200225.0):
    - abseil/memory/memory (= 0.20200225.0)
  - abseil/memory/memory (0.20200225.0):
    - abseil/base/core_headers
    - abseil/meta/type_traits
  - abseil/meta (0.20200225.0):
    - abseil/meta/type_traits (= 0.20200225.0)
  - abseil/meta/type_traits (0.20200225.0):
    - abseil/base/config
  - abseil/numeric/int128 (0.20200225.0):
    - abseil/base/config
    - abseil/base/core_headers
  - abseil/strings/internal (0.20200225.0):
    - abseil/base/config
    - abseil/base/core_headers
    - abseil/base/endian
    - abseil/base/raw_logging_internal
    - abseil/meta/type_traits
  - abseil/strings/str_format (0.20200225.0):
    - abseil/strings/str_format_internal
  - abseil/strings/str_format_internal (0.20200225.0):
    - abseil/base/config
    - abseil/base/core_headers
    - abseil/meta/type_traits
    - abseil/numeric/int128
    - abseil/strings/strings
    - abseil/types/span
  - abseil/strings/strings (0.20200225.0):
    - abseil/base/base
    - abseil/base/bits
    - abseil/base/config
    - abseil/base/core_headers
    - abseil/base/endian
    - abseil/base/raw_logging_internal
    - abseil/base/throw_delegate
    - abseil/memory/memory
    - abseil/meta/type_traits
    - abseil/numeric/int128
    - abseil/strings/internal
  - abseil/synchronization/graphcycles_internal (0.20200225.0):
    - abseil/base/base
    - abseil/base/base_internal
    - abseil/base/config
    - abseil/base/core_headers
    - abseil/base/malloc_internal
    - abseil/base/raw_logging_internal
  - abseil/synchronization/kernel_timeout_internal (0.20200225.0):
    - abseil/base/core_headers
    - abseil/base/raw_logging_internal
    - abseil/time/time
  - abseil/synchronization/synchronization (0.20200225.0):
    - abseil/base/atomic_hook
    - abseil/base/base
    - abseil/base/base_internal
    - abseil/base/config
    - abseil/base/core_headers
    - abseil/base/dynamic_annotations
    - abseil/base/malloc_internal
    - abseil/base/raw_logging_internal
    - abseil/debugging/stacktrace
    - abseil/debugging/symbolize
    - abseil/synchronization/graphcycles_internal
    - abseil/synchronization/kernel_timeout_internal
    - abseil/time/time
  - abseil/time (0.20200225.0):
    - abseil/time/internal (= 0.20200225.0)
    - abseil/time/time (= 0.20200225.0)
  - abseil/time/internal (0.20200225.0):
    - abseil/time/internal/cctz (= 0.20200225.0)
  - abseil/time/internal/cctz (0.20200225.0):
    - abseil/time/internal/cctz/civil_time (= 0.20200225.0)
    - abseil/time/internal/cctz/time_zone (= 0.20200225.0)
  - abseil/time/internal/cctz/civil_time (0.20200225.0):
    - abseil/base/config
  - abseil/time/internal/cctz/time_zone (0.20200225.0):
    - abseil/base/config
    - abseil/time/internal/cctz/civil_time
  - abseil/time/time (0.20200225.0):
    - abseil/base/base
    - abseil/base/core_headers
    - abseil/base/raw_logging_internal
    - abseil/numeric/int128
    - abseil/strings/strings
    - abseil/time/internal/cctz/civil_time
    - abseil/time/internal/cctz/time_zone
  - abseil/types (0.20200225.0):
    - abseil/types/any (= 0.20200225.0)
    - abseil/types/bad_any_cast (= 0.20200225.0)
    - abseil/types/bad_any_cast_impl (= 0.20200225.0)
    - abseil/types/bad_optional_access (= 0.20200225.0)
    - abseil/types/bad_variant_access (= 0.20200225.0)
    - abseil/types/compare (= 0.20200225.0)
    - abseil/types/optional (= 0.20200225.0)
    - abseil/types/span (= 0.20200225.0)
    - abseil/types/variant (= 0.20200225.0)
  - abseil/types/any (0.20200225.0):
    - abseil/base/config
    - abseil/base/core_headers
    - abseil/meta/type_traits
    - abseil/types/bad_any_cast
    - abseil/utility/utility
  - abseil/types/bad_any_cast (0.20200225.0):
    - abseil/base/config
    - abseil/types/bad_any_cast_impl
  - abseil/types/bad_any_cast_impl (0.20200225.0):
    - abseil/base/config
    - abseil/base/raw_logging_internal
  - abseil/types/bad_optional_access (0.20200225.0):
    - abseil/base/config
    - abseil/base/raw_logging_internal
  - abseil/types/bad_variant_access (0.20200225.0):
    - abseil/base/config
    - abseil/base/raw_logging_internal
  - abseil/types/compare (0.20200225.0):
    - abseil/base/core_headers
    - abseil/meta/type_traits
  - abseil/types/optional (0.20200225.0):
    - abseil/base/base_internal
    - abseil/base/config
    - abseil/base/core_headers
    - abseil/memory/memory
    - abseil/meta/type_traits
    - abseil/types/bad_optional_access
    - abseil/utility/utility
  - abseil/types/span (0.20200225.0):
    - abseil/algorithm/algorithm
    - abseil/base/core_headers
    - abseil/base/throw_delegate
    - abseil/meta/type_traits
  - abseil/types/variant (0.20200225.0):
    - abseil/base/base_internal
    - abseil/base/config
    - abseil/base/core_headers
    - abseil/meta/type_traits
    - abseil/types/bad_variant_access
    - abseil/utility/utility
  - abseil/utility/utility (0.20200225.0):
    - abseil/base/base_internal
    - abseil/base/config
    - abseil/meta/type_traits
  - AppAuth (1.4.0):
    - AppAuth/Core (= 1.4.0)
    - AppAuth/ExternalUserAgent (= 1.4.0)
  - AppAuth/Core (1.4.0)
  - AppAuth/ExternalUserAgent (1.4.0)
  - BetterSegmentedControl (2.0.1)
  - BoringSSL-GRPC (0.0.7):
    - BoringSSL-GRPC/Implementation (= 0.0.7)
    - BoringSSL-GRPC/Interface (= 0.0.7)
  - BoringSSL-GRPC/Implementation (0.0.7):
    - BoringSSL-GRPC/Interface (= 0.0.7)
  - BoringSSL-GRPC/Interface (0.0.7)
  - DictionaryCoding (1.0.6)
  - Firebase/Analytics (8.8.0):
    - Firebase/Core
  - Firebase/Auth (8.8.0):
    - Firebase/CoreOnly
    - FirebaseAuth (~> 8.8.0)
  - Firebase/Core (8.8.0):
    - Firebase/CoreOnly
    - FirebaseAnalytics (~> 8.8.0)
  - Firebase/CoreOnly (8.8.0):
    - FirebaseCore (= 8.8.0)
  - Firebase/Firestore (8.8.0):
    - Firebase/CoreOnly
    - FirebaseFirestore (~> 8.8.0)
  - Firebase/Messaging (8.8.0):
    - Firebase/CoreOnly
    - FirebaseMessaging (~> 8.8.0)
  - FirebaseAnalytics (8.8.0):
    - FirebaseAnalytics/AdIdSupport (= 8.8.0)
    - FirebaseCore (~> 8.0)
    - FirebaseInstallations (~> 8.0)
    - GoogleUtilities/AppDelegateSwizzler (~> 7.4)
    - GoogleUtilities/MethodSwizzler (~> 7.4)
    - GoogleUtilities/Network (~> 7.4)
    - "GoogleUtilities/NSData+zlib (~> 7.4)"
    - nanopb (~> 2.30908.0)
  - FirebaseAnalytics/AdIdSupport (8.8.0):
    - FirebaseCore (~> 8.0)
    - FirebaseInstallations (~> 8.0)
    - GoogleAppMeasurement (= 8.8.0)
    - GoogleUtilities/AppDelegateSwizzler (~> 7.4)
    - GoogleUtilities/MethodSwizzler (~> 7.4)
    - GoogleUtilities/Network (~> 7.4)
    - "GoogleUtilities/NSData+zlib (~> 7.4)"
    - nanopb (~> 2.30908.0)
  - FirebaseAuth (8.8.0):
    - FirebaseCore (~> 8.0)
    - GoogleUtilities/AppDelegateSwizzler (~> 7.4)
    - GoogleUtilities/Environment (~> 7.4)
    - GTMSessionFetcher/Core (~> 1.5)
  - FirebaseCore (8.8.0):
    - FirebaseCoreDiagnostics (~> 8.0)
    - GoogleUtilities/Environment (~> 7.4)
    - GoogleUtilities/Logger (~> 7.4)
  - FirebaseCoreDiagnostics (8.8.0):
    - GoogleDataTransport (~> 9.0)
    - GoogleUtilities/Environment (~> 7.4)
    - GoogleUtilities/Logger (~> 7.4)
    - nanopb (~> 2.30908.0)
  - FirebaseFirestore (8.8.0):
    - abseil/algorithm (= 0.20200225.0)
    - abseil/base (= 0.20200225.0)
    - abseil/container/flat_hash_map (= 0.20200225.0)
    - abseil/memory (= 0.20200225.0)
    - abseil/meta (= 0.20200225.0)
    - abseil/strings/strings (= 0.20200225.0)
    - abseil/time (= 0.20200225.0)
    - abseil/types (= 0.20200225.0)
    - FirebaseCore (~> 8.0)
    - "gRPC-C++ (~> 1.28.0)"
    - leveldb-library (~> 1.22)
    - nanopb (~> 2.30908.0)
  - FirebaseFirestoreSwift (8.8.0-beta):
    - FirebaseFirestore (~> 8.0)
  - FirebaseInstallations (8.8.0):
    - FirebaseCore (~> 8.0)
    - GoogleUtilities/Environment (~> 7.4)
    - GoogleUtilities/UserDefaults (~> 7.4)
    - PromisesObjC (< 3.0, >= 1.2)
  - FirebaseMessaging (8.8.0):
    - FirebaseCore (~> 8.0)
    - FirebaseInstallations (~> 8.0)
    - GoogleDataTransport (~> 9.0)
    - GoogleUtilities/AppDelegateSwizzler (~> 7.4)
    - GoogleUtilities/Environment (~> 7.4)
    - GoogleUtilities/Reachability (~> 7.4)
    - GoogleUtilities/UserDefaults (~> 7.4)
    - nanopb (~> 2.30908.0)
  - GoogleAppMeasurement (8.8.0):
    - GoogleAppMeasurement/AdIdSupport (= 8.8.0)
    - GoogleUtilities/AppDelegateSwizzler (~> 7.4)
    - GoogleUtilities/MethodSwizzler (~> 7.4)
    - GoogleUtilities/Network (~> 7.4)
    - "GoogleUtilities/NSData+zlib (~> 7.4)"
    - nanopb (~> 2.30908.0)
  - GoogleAppMeasurement/AdIdSupport (8.8.0):
    - GoogleAppMeasurement/WithoutAdIdSupport (= 8.8.0)
    - GoogleUtilities/AppDelegateSwizzler (~> 7.4)
    - GoogleUtilities/MethodSwizzler (~> 7.4)
    - GoogleUtilities/Network (~> 7.4)
    - "GoogleUtilities/NSData+zlib (~> 7.4)"
    - nanopb (~> 2.30908.0)
  - GoogleAppMeasurement/WithoutAdIdSupport (8.8.0):
    - GoogleUtilities/AppDelegateSwizzler (~> 7.4)
    - GoogleUtilities/MethodSwizzler (~> 7.4)
    - GoogleUtilities/Network (~> 7.4)
    - "GoogleUtilities/NSData+zlib (~> 7.4)"
    - nanopb (~> 2.30908.0)
  - GoogleDataTransport (9.1.2):
    - GoogleUtilities/Environment (~> 7.2)
    - nanopb (~> 2.30908.0)
    - PromisesObjC (< 3.0, >= 1.2)
  - GoogleSignIn (6.0.2):
    - AppAuth (~> 1.4)
    - GTMAppAuth (~> 1.0)
    - GTMSessionFetcher/Core (~> 1.1)
  - GoogleUtilities/AppDelegateSwizzler (7.6.0):
    - GoogleUtilities/Environment
    - GoogleUtilities/Logger
    - GoogleUtilities/Network
  - GoogleUtilities/Environment (7.6.0):
    - PromisesObjC (< 3.0, >= 1.2)
  - GoogleUtilities/Logger (7.6.0):
    - GoogleUtilities/Environment
  - GoogleUtilities/MethodSwizzler (7.6.0):
    - GoogleUtilities/Logger
  - GoogleUtilities/Network (7.6.0):
    - GoogleUtilities/Logger
    - "GoogleUtilities/NSData+zlib"
    - GoogleUtilities/Reachability
  - "GoogleUtilities/NSData+zlib (7.6.0)"
  - GoogleUtilities/Reachability (7.6.0):
    - GoogleUtilities/Logger
  - GoogleUtilities/UserDefaults (7.6.0):
    - GoogleUtilities/Logger
  - "gRPC-C++ (1.28.2)":
    - "gRPC-C++/Implementation (= 1.28.2)"
    - "gRPC-C++/Interface (= 1.28.2)"
  - "gRPC-C++/Implementation (1.28.2)":
    - abseil/container/inlined_vector (= 0.20200225.0)
    - abseil/memory/memory (= 0.20200225.0)
    - abseil/strings/str_format (= 0.20200225.0)
    - abseil/strings/strings (= 0.20200225.0)
    - abseil/types/optional (= 0.20200225.0)
    - "gRPC-C++/Interface (= 1.28.2)"
    - gRPC-Core (= 1.28.2)
  - "gRPC-C++/Interface (1.28.2)"
  - gRPC-Core (1.28.2):
    - gRPC-Core/Implementation (= 1.28.2)
    - gRPC-Core/Interface (= 1.28.2)
  - gRPC-Core/Implementation (1.28.2):
    - abseil/container/inlined_vector (= 0.20200225.0)
    - abseil/memory/memory (= 0.20200225.0)
    - abseil/strings/str_format (= 0.20200225.0)
    - abseil/strings/strings (= 0.20200225.0)
    - abseil/types/optional (= 0.20200225.0)
    - BoringSSL-GRPC (= 0.0.7)
    - gRPC-Core/Interface (= 1.28.2)
  - gRPC-Core/Interface (1.28.2)
  - GTMAppAuth (1.2.2):
    - AppAuth/Core (~> 1.4)
    - GTMSessionFetcher/Core (~> 1.5)
  - GTMSessionFetcher/Core (1.7.0)
  - JGProgressHUD (2.2)
  - KeychainAccess (4.2.2)
  - leveldb-library (1.22.1)
  - MarqueeLabel (4.0.2)
  - nanopb (2.30908.0):
    - nanopb/decode (= 2.30908.0)
    - nanopb/encode (= 2.30908.0)
  - nanopb/decode (2.30908.0)
  - nanopb/encode (2.30908.0)
  - ObjcExceptionBridging (1.0.1):
    - ObjcExceptionBridging/ObjcExceptionBridging (= 1.0.1)
  - ObjcExceptionBridging/ObjcExceptionBridging (1.0.1)
  - PINCache (3.0.3):
    - PINCache/Arc-exception-safe (= 3.0.3)
    - PINCache/Core (= 3.0.3)
  - PINCache/Arc-exception-safe (3.0.3):
    - PINCache/Core
  - PINCache/Core (3.0.3):
    - PINOperation (~> 1.2.1)
  - PINOperation (1.2.1)
  - PINRemoteImage (3.0.3):
    - PINRemoteImage/PINCache (= 3.0.3)
  - PINRemoteImage/Core (3.0.3):
    - PINOperation
  - PINRemoteImage/PINCache (3.0.3):
    - PINCache (~> 3.0.3)
    - PINRemoteImage/Core
  - PromisesObjC (2.0.0)
  - Solar (2.1.0)
  - SwiftSoup (2.3.3)
  - TransitionButton (0.5.3)
  - XCGLogger (7.0.1):
    - XCGLogger/Core (= 7.0.1)
  - XCGLogger/Core (7.0.1):
    - ObjcExceptionBridging

DEPENDENCIES:
  - BetterSegmentedControl
  - DictionaryCoding
  - Firebase/Analytics
  - Firebase/Auth
  - Firebase/Firestore
  - Firebase/Messaging
  - FirebaseFirestoreSwift (>= 8.7.0-beta)
  - GoogleSignIn
  - JGProgressHUD
  - KeychainAccess
  - MarqueeLabel (from `https://github.com/yujinakayama/MarqueeLabel`, branch `fix-triggerScrollStart`)
  - PINCache (>= 3.0.1)
  - PINRemoteImage (~> 3.0)
  - Solar
  - SwiftSoup
  - TransitionButton
  - XCGLogger

SPEC REPOS:
  trunk:
    - abseil
    - AppAuth
    - BetterSegmentedControl
    - BoringSSL-GRPC
    - DictionaryCoding
    - Firebase
    - FirebaseAnalytics
    - FirebaseAuth
    - FirebaseCore
    - FirebaseCoreDiagnostics
    - FirebaseFirestore
    - FirebaseFirestoreSwift
    - FirebaseInstallations
    - FirebaseMessaging
    - GoogleAppMeasurement
    - GoogleDataTransport
    - GoogleSignIn
    - GoogleUtilities
    - "gRPC-C++"
    - gRPC-Core
    - GTMAppAuth
    - GTMSessionFetcher
    - JGProgressHUD
    - KeychainAccess
    - leveldb-library
    - nanopb
    - ObjcExceptionBridging
    - PINCache
    - PINOperation
    - PINRemoteImage
    - PromisesObjC
    - Solar
    - SwiftSoup
    - TransitionButton
    - XCGLogger

EXTERNAL SOURCES:
  MarqueeLabel:
    :branch: fix-triggerScrollStart
    :git: https://github.com/yujinakayama/MarqueeLabel

CHECKOUT OPTIONS:
  MarqueeLabel:
    :commit: afc7b18f3bead1d9e6bba4fd07c6e72d3bc5d47f
    :git: https://github.com/yujinakayama/MarqueeLabel

SPEC CHECKSUMS:
  abseil: 6c8eb7892aefa08d929b39f9bb108e5367e3228f
  AppAuth: 31bcec809a638d7bd2f86ea8a52bd45f6e81e7c7
  BetterSegmentedControl: 09607b27861d49cbce48b7673b74f9150a3d371a
  BoringSSL-GRPC: 8edf627ee524575e2f8d19d56f068b448eea3879
  DictionaryCoding: 0ebf6aa87afe8be803c544b85b8d894907c0e019
  Firebase: 629510f1a9ddb235f3a7c5c8ceb23ba887f0f814
  FirebaseAnalytics: 5506ea8b867d8423485a84b4cd612d279f7b0b8a
  FirebaseAuth: bcf0adeff88bda5dcb3beeabe5760f1226ab7b2f
  FirebaseCore: 98b29e3828f0a53651c363937a7f7d92a19f1ba2
  FirebaseCoreDiagnostics: fe77f42da6329d6d83d21fd9d621a6b704413bfc
  FirebaseFirestore: 29baf05d5e7e0d5003eb34e5805d92b9858b36d4
  FirebaseFirestoreSwift: d05ce56ad492ba92d72abdecc46f7eafb861370c
  FirebaseInstallations: 2563cb18a723ef9c6ef18318a49519b75dce613c
  FirebaseMessaging: 419b5c9d84f294a753c6501d8cfb9ced1ce37304
  GoogleAppMeasurement: 5ba1164e3c844ba84272555e916d0a6d3d977e91
  GoogleDataTransport: 629c20a4d363167143f30ea78320d5a7eb8bd940
  GoogleSignIn: fd381840dbe7c1137aa6dc30849a5c3e070c034a
  GoogleUtilities: 684ee790a24f73ebb2d1d966e9711c203f2a4237
  "gRPC-C++": 13d8ccef97d5c3c441b7e3c529ef28ebee86fad2
  gRPC-Core: 4afa11bfbedf7cdecd04de535a9e046893404ed5
  GTMAppAuth: ad5c2b70b9a8689e1a04033c9369c4915bfcbe89
  GTMSessionFetcher: 43748f93435c2aa068b1cbe39655aaf600652e91
  JGProgressHUD: d83d7a981b85d11205e19ff8ad5bb9c40571c847
  KeychainAccess: c0c4f7f38f6fc7bbe58f5702e25f7bd2f65abf51
  leveldb-library: 50c7b45cbd7bf543c81a468fe557a16ae3db8729
  MarqueeLabel: f762aa681ae201f66c1d511858b171f75d83013a
  nanopb: a0ba3315591a9ae0a16a309ee504766e90db0c96
  ObjcExceptionBridging: c30e00eb3700467e695faeea30e26e18bd445001
  PINCache: 7a8fc1a691173d21dbddbf86cd515de6efa55086
  PINOperation: 00c935935f1e8cf0d1e2d6b542e75b88fc3e5e20
  PINRemoteImage: f1295b29f8c5e640e25335a1b2bd9d805171bd01
  PromisesObjC: 68159ce6952d93e17b2dfe273b8c40907db5ba58
  Solar: 2dc6e7cc39186cb0c8228fa08df76fb50c7d8f24
  SwiftSoup: 8e4844e785a975744f2c2606f8b3844ef67eb259
  TransitionButton: 36283346e17c64775a1b3bc3a7a72940a367de1f
  XCGLogger: 1943831ef907df55108b0b18657953f868de973b

PODFILE CHECKSUM: 98be484fc6543fd68c5af74b5babb932bacbb7e7

COCOAPODS: 1.11.2
